{
  "name": "miniprogram",
  "version": "1.0.0",
  "lockfileVersion": 3,
  "requires": true,
  "packages": {
    "": {
      "name": "miniprogram",
      "version": "1.0.0",
      "license": "ISC",
      "dependencies": {
        "@trtc/calls-uikit-wx": "^5.0.0"
      }
    },
    "node_modules/@tencentcloud/lite-chat": {
      "version": "1.6.18",
      "resolved": "https://registry.npmjs.org/@tencentcloud/lite-chat/-/lite-chat-1.6.18.tgz",
      "integrity": "sha512-Gs3Ahns/v/uyWkoqANtTfa9Wl0VwjEA7xiVUcb0Xk67YahjTtHQNkt/nAYbaPKGNWVg36R/huaWi06fijo9lGA==",
      "license": "ISC"
    },
    "node_modules/@tencentcloud/trtc-cloud-wx": {
      "version": "1.0.12",
      "resolved": "https://registry.npmjs.org/@tencentcloud/trtc-cloud-wx/-/trtc-cloud-wx-1.0.12.tgz",
      "integrity": "sha512-LfYm5Qtkl2R+83ensMIwlS6GBgT2eQsAb0QGT18iDBX4ukNwi6abz189JNbVMMjuXymVtI5CYzHmv46ejgHCnA==",
      "license": "ISC",
      "dependencies": {
        "eventemitter3": "^5.0.0",
        "trtc-wx-sdk": "^1.1.14"
      }
    },
    "node_modules/@tencentcloud/trtc-component-wx": {
      "version": "1.0.7",
      "resolved": "https://registry.npmjs.org/@tencentcloud/trtc-component-wx/-/trtc-component-wx-1.0.7.tgz",
      "integrity": "sha512-+e+08VYYvdqHRFsHuzc+7dPwjBC9Ec4M/IPuLAPkbyM7ZSxKLYMm+gfl2SeXqAavB09V2luMMjyMOjhrsHx/vw==",
      "license": "MIT",
      "dependencies": {
        "@tencentcloud/trtc-cloud-wx": "^1.0.7"
      }
    },
    "node_modules/@tencentcloud/tui-core-lite": {
      "version": "1.0.1",
      "resolved": "https://registry.npmjs.org/@tencentcloud/tui-core-lite/-/tui-core-lite-1.0.1.tgz",
      "integrity": "sha512-EYPEzzUxArtGkhlD6fzzHUjMQJYRdttrLyFjWAemwAQ9yuEvCjPwN0HfMorK6QDOENKfjnSCnyipcE4qzEFHXg==",
      "license": "ISC",
      "dependencies": {
        "@tencentcloud/lite-chat": "^1.6.11"
      }
    },
    "node_modules/@trtc/call-engine-lite-wx": {
      "version": "5.0.6",
      "resolved": "https://registry.npmjs.org/@trtc/call-engine-lite-wx/-/call-engine-lite-wx-5.0.6.tgz",
      "integrity": "sha512-1aOIqEh8nwI6y5aXgwUHA4iLLCn7Oiw4glcY/1X4AK5NnpjZKPzvAisz73H1/Xd6KgIqYGfG4NuZpBv1WO1aHQ==",
      "license": "MIT",
      "engines": {
        "node": ">=14"
      },
      "peerDependencies": {
        "@tencentcloud/lite-chat": ">=1.6.0",
        "@tencentcloud/trtc-component-uniapp": ">=1.0.6",
        "@tencentcloud/trtc-component-wx": ">=1.0.6"
      },
      "peerDependenciesMeta": {
        "@tencentcloud/lite-chat": {
          "optional": true
        },
        "@tencentcloud/trtc-component-uniapp": {
          "optional": true
        }
      }
    },
    "node_modules/@trtc/calls-uikit-wx": {
      "version": "5.0.0",
      "resolved": "https://registry.npmjs.org/@trtc/calls-uikit-wx/-/calls-uikit-wx-5.0.0.tgz",
      "integrity": "sha512-7hK6kbvXhH+rFmlzvLxU4gKJ2dICQ+piXzd9QkPM9P0u5JpJ98CaYfiDbwN7zYwRWSNhO/9wO8nZaosdppXguQ==",
      "license": "ISC",
      "dependencies": {
        "@tencentcloud/trtc-component-wx": "^1.0.7",
        "@tencentcloud/tui-core-lite": "~1.0.1",
        "@trtc/call-engine-lite-wx": "~5.0.3",
        "aegis-mp-sdk": "latest"
      }
    },
    "node_modules/aegis-mp-sdk": {
      "version": "1.39.5",
      "resolved": "https://registry.npmjs.org/aegis-mp-sdk/-/aegis-mp-sdk-1.39.5.tgz",
      "integrity": "sha512-FRGDdkeCaTibXXAGmFLxKCgSN5phhCNjsdbiLFTI8mBA91pfi8xtpNnRhuQDy64qoswOkAF2/lXF6hCorP5Reg==",
      "license": "MIT"
    },
    "node_modules/eventemitter3": {
      "version": "5.0.4",
      "resolved": "https://registry.npmjs.org/eventemitter3/-/eventemitter3-5.0.4.tgz",
      "integrity": "sha512-mlsTRyGaPBjPedk6Bvw+aqbsXDtoAyAzm5MO7JgU+yVRyMQ5O8bD4Kcci7BS85f93veegeCPkL8R4GLClnjLFw==",
      "license": "MIT"
    },
    "node_modules/trtc-wx-sdk": {
      "version": "1.1.15",
      "resolved": "https://registry.npmjs.org/trtc-wx-sdk/-/trtc-wx-sdk-1.1.15.tgz",
      "integrity": "sha512-G0pNwLOyGZ/icxZlY39pYmGKYeevuy83tUVaSG12jimaHhr+E1l4MoahFbKVjwlM9j9pzDMVh30FOBMIWYO7Rg==",
      "license": "ISC"
    }
  }
}
